
Microsoft Visual Studio Solution File, Format Version 12.00
# Visual Studio Version 17
VisualStudioVersion = 17.11.35327.3
MinimumVisualStudioVersion = 10.0.40219.1
Project("{9A19103F-16F7-4668-BE54-9A1E7A4F7556}") = "MRPZ3", "MRPZ3.csproj", "{68F490FB-80A4-4CFE-A521-360565F278DE}"
EndProject
Project("{9A19103F-16F7-4668-BE54-9A1E7A4F7556}") = "MRPZ3Tests", "..\MRPZ3Tests\MRPZ3Tests.csproj", "{269C8067-F6B6-4B0E-86E6-3A85BB73AC36}"
EndProject
Global
	GlobalSection(SolutionConfigurationPlatforms) = preSolution
		Debug|Any CPU = Debug|Any CPU
		Debug|x64 = Debug|x64
		Debug|x86 = Debug|x86
		Release|Any CPU = Release|Any CPU
		Release|x64 = Release|x64
		Release|x86 = Release|x86
	EndGlobalSection
	GlobalSection(ProjectConfigurationPlatforms) = postSolution
		{68F490FB-80A4-4CFE-A521-360565F278DE}.Debug|Any CPU.ActiveCfg = Debug|Any CPU
		{68F490FB-80A4-4CFE-A521-360565F278DE}.Debug|Any CPU.Build.0 = Debug|Any CPU
		{68F490FB-80A4-4CFE-A521-360565F278DE}.Debug|x64.ActiveCfg = Debug|Any CPU
		{68F490FB-80A4-4CFE-A521-360565F278DE}.Debug|x64.Build.0 = Debug|Any CPU
		{68F490FB-80A4-4CFE-A521-360565F278DE}.Debug|x86.ActiveCfg = Debug|Any CPU
		{68F490FB-80A4-4CFE-A521-360565F278DE}.Debug|x86.Build.0 = Debug|Any CPU
		{68F490FB-80A4-4CFE-A521-360565F278DE}.Release|Any CPU.ActiveCfg = Release|Any CPU
		{68F490FB-80A4-4CFE-A521-360565F278DE}.Release|Any CPU.Build.0 = Release|Any CPU
		{68F490FB-80A4-4CFE-A521-360565F278DE}.Release|x64.ActiveCfg = Release|Any CPU
		{68F490FB-80A4-4CFE-A521-360565F278DE}.Release|x64.Build.0 = Release|Any CPU
		{68F490FB-80A4-4CFE-A521-360565F278DE}.Release|x86.ActiveCfg = Release|Any CPU
		{68F490FB-80A4-4CFE-A521-360565F278DE}.Release|x86.Build.0 = Release|Any CPU
		{269C8067-F6B6-4B0E-86E6-3A85BB73AC36}.Debug|Any CPU.ActiveCfg = Debug|Any CPU
		{269C8067-F6B6-4B0E-86E6-3A85BB73AC36}.Debug|Any CPU.Build.0 = Debug|Any CPU
		{269C8067-F6B6-4B0E-86E6-3A85BB73AC36}.Debug|x64.ActiveCfg = Debug|Any CPU
		{269C8067-F6B6-4B0E-86E6-3A85BB73AC36}.Debug|x64.Build.0 = Debug|Any CPU
		{269C8067-F6B6-4B0E-86E6-3A85BB73AC36}.Debug|x86.ActiveCfg = Debug|Any CPU
		{269C8067-F6B6-4B0E-86E6-3A85BB73AC36}.Debug|x86.Build.0 = Debug|Any CPU
		{269C8067-F6B6-4B0E-86E6-3A85BB73AC36}.Release|Any CPU.ActiveCfg = Release|Any CPU
		{269C8067-F6B6-4B0E-86E6-3A85BB73AC36}.Release|Any CPU.Build.0 = Release|Any CPU
		{269C8067-F6B6-4B0E-86E6-3A85BB73AC36}.Release|x64.ActiveCfg = Release|Any CPU
		{269C8067-F6B6-4B0E-86E6-3A85BB73AC36}.Release|x64.Build.0 = Release|Any CPU
		{269C8067-F6B6-4B0E-86E6-3A85BB73AC36}.Release|x86.ActiveCfg = Release|Any CPU
		{269C8067-F6B6-4B0E-86E6-3A85BB73AC36}.Release|x86.Build.0 = Release|Any CPU
	EndGlobalSection
	GlobalSection(SolutionProperties) = preSolution
		HideSolutionNode = FALSE
	EndGlobalSection
	GlobalSection(ExtensibilityGlobals) = postSolution
		SolutionGuid = {BAE2C830-93B9-4386-9070-E2E8EB2FD278}
	EndGlobalSection
EndGlobal
